# THIS IS AN AUTOGENERATED FILE. DO NOT EDIT THIS FILE DIRECTLY.
# yarn lockfile v1


"@mcnaveen/license-gen@^1.0.3":
  version "1.0.3"
  resolved "https://registry.yarnpkg.com/@mcnaveen/license-gen/-/license-gen-1.0.3.tgz#60a1781235d8576237b8c4edde18e7ea37418950"
  integrity sha512-c8VZM23wD6cjP/4jRCYdLGSg8gXZak4rB0T2z8ykArXB6FzS870+0XCVxO3V+s7twjChv6txalDZhIRLfKfrsQ==
